
Microsoft Visual Studio Solution File, Format Version 12.00
# Visual Studio 15
VisualStudioVersion = 15.0.28307.757
MinimumVisualStudioVersion = 10.0.40219.1
Project("{FAE04EC0-301F-11D3-BF4B-00C04F79EFBC}") = "SMS_Student", "SMS_Student\SMS_Student.csproj", "{E5DF3F8A-0A55-4599-AF8D-E3B56F69AAC2}"
EndProject
Project("{FAE04EC0-301F-11D3-BF4B-00C04F79EFBC}") = "StudentEntites", "StudentEntites\StudentEntites.csproj", "{8F8D5C5A-B95A-4CD2-BEE7-4AD5D978412C}"
EndProject
Project("{FAE04EC0-301F-11D3-BF4B-00C04F79EFBC}") = "StudentBA_Lib", "StudentBA_Lib\StudentBA_Lib.csproj", "{6E238D98-DB66-4478-8564-EC988C4C7A20}"
EndProject
Project("{FAE04EC0-301F-11D3-BF4B-00C04F79EFBC}") = "StudentDAL_Lib", "StudentDAL_Lib\StudentDAL_Lib.csproj", "{15CA079A-BC37-4145-9B96-1AF6A30D8156}"
EndProject
Global
	GlobalSection(SolutionConfigurationPlatforms) = preSolution
		Debug|Any CPU = Debug|Any CPU
		Release|Any CPU = Release|Any CPU
	EndGlobalSection
	GlobalSection(ProjectConfigurationPlatforms) = postSolution
		{E5DF3F8A-0A55-4599-AF8D-E3B56F69AAC2}.Debug|Any CPU.ActiveCfg = Debug|Any CPU
		{E5DF3F8A-0A55-4599-AF8D-E3B56F69AAC2}.Debug|Any CPU.Build.0 = Debug|Any CPU
		{E5DF3F8A-0A55-4599-AF8D-E3B56F69AAC2}.Release|Any CPU.ActiveCfg = Release|Any CPU
		{E5DF3F8A-0A55-4599-AF8D-E3B56F69AAC2}.Release|Any CPU.Build.0 = Release|Any CPU
		{8F8D5C5A-B95A-4CD2-BEE7-4AD5D978412C}.Debug|Any CPU.ActiveCfg = Debug|Any CPU
		{8F8D5C5A-B95A-4CD2-BEE7-4AD5D978412C}.Debug|Any CPU.Build.0 = Debug|Any CPU
		{8F8D5C5A-B95A-4CD2-BEE7-4AD5D978412C}.Release|Any CPU.ActiveCfg = Release|Any CPU
		{8F8D5C5A-B95A-4CD2-BEE7-4AD5D978412C}.Release|Any CPU.Build.0 = Release|Any CPU
		{6E238D98-DB66-4478-8564-EC988C4C7A20}.Debug|Any CPU.ActiveCfg = Debug|Any CPU
		{6E238D98-DB66-4478-8564-EC988C4C7A20}.Debug|Any CPU.Build.0 = Debug|Any CPU
		{6E238D98-DB66-4478-8564-EC988C4C7A20}.Release|Any CPU.ActiveCfg = Release|Any CPU
		{6E238D98-DB66-4478-8564-EC988C4C7A20}.Release|Any CPU.Build.0 = Release|Any CPU
		{15CA079A-BC37-4145-9B96-1AF6A30D8156}.Debug|Any CPU.ActiveCfg = Debug|Any CPU
		{15CA079A-BC37-4145-9B96-1AF6A30D8156}.Debug|Any CPU.Build.0 = Debug|Any CPU
		{15CA079A-BC37-4145-9B96-1AF6A30D8156}.Release|Any CPU.ActiveCfg = Release|Any CPU
		{15CA079A-BC37-4145-9B96-1AF6A30D8156}.Release|Any CPU.Build.0 = Release|Any CPU
	EndGlobalSection
	GlobalSection(SolutionProperties) = preSolution
		HideSolutionNode = FALSE
	EndGlobalSection
	GlobalSection(ExtensibilityGlobals) = postSolution
		SolutionGuid = {B100E608-1F48-4825-A52A-1EAD6DA91385}
	EndGlobalSection
EndGlobal
